
Microsoft Visual Studio Solution File, Format Version 12.00
# Visual Studio Version 17
VisualStudioVersion = 17.9.34728.123
MinimumVisualStudioVersion = 10.0.40219.1
Project("{2150E333-8FDC-42A3-9474-1A3956D46DE8}") = "src", "src", "{9C14D79C-CE84-4CFB-A92E-C32C80C09948}"
EndProject
Project("{2150E333-8FDC-42A3-9474-1A3956D46DE8}") = "Solution Items", "Solution Items", "{EA4501BD-7EB0-4B20-8D58-306B5D5D3A79}"
	ProjectSection(SolutionItems) = preProject
		ServiceUrls.txt = ServiceUrls.txt
	EndProjectSection
EndProject
Project("{2150E333-8FDC-42A3-9474-1A3956D46DE8}") = "ApiGateways", "ApiGateways", "{3B5EC971-22E0-447F-96CF-C57249BD631C}"
EndProject
Project("{2150E333-8FDC-42A3-9474-1A3956D46DE8}") = "BuildingBlocks", "BuildingBlocks", "{119539A6-34C2-4AA0-858B-9964EA3083D7}"
EndProject
Project("{2150E333-8FDC-42A3-9474-1A3956D46DE8}") = "Clients", "Clients", "{7CB6CB2B-A5C1-4375-948B-3ED770BFD803}"
EndProject
Project("{2150E333-8FDC-42A3-9474-1A3956D46DE8}") = "WebApiGateway", "WebApiGateway", "{44C8358E-CC5F-4D6B-BC2A-B16F95910DAF}"
EndProject
Project("{9A19103F-16F7-4668-BE54-9A1E7A4F7556}") = "Web.ApiGateway", "src\ApiGateways\WebApiGateway\Web.ApiGateway\Web.ApiGateway.csproj", "{974749F2-D192-4464-AB85-BFC5C819B2BC}"
EndProject
Project("{2150E333-8FDC-42A3-9474-1A3956D46DE8}") = "EventBus", "EventBus", "{C087ABD1-3076-48DA-8D57-D94BACB833A8}"
EndProject
Project("{9A19103F-16F7-4668-BE54-9A1E7A4F7556}") = "EventBus.Base", "src\BuildingBlocks\EventBus\EventBus.Base\EventBus.Base.csproj", "{F524450F-A2E0-4E1A-92E5-F921B8856097}"
EndProject
Project("{9A19103F-16F7-4668-BE54-9A1E7A4F7556}") = "EventBus.Factory", "src\BuildingBlocks\EventBus\EventBus.Factory\EventBus.Factory.csproj", "{5B090D5F-560F-44A3-93D4-5B5D8DCB4DD8}"
EndProject
Project("{9A19103F-16F7-4668-BE54-9A1E7A4F7556}") = "EventBus.AzureServiceBus", "src\BuildingBlocks\EventBus\EventBus.AzureServiceBus\EventBus.AzureServiceBus.csproj", "{73B5CAE6-3D3B-4418-9EB7-5EC2E05B3801}"
EndProject
Project("{9A19103F-16F7-4668-BE54-9A1E7A4F7556}") = "EventBus.RabbitMQ", "src\BuildingBlocks\EventBus\EventBus.RabbitMQ\EventBus.RabbitMQ.csproj", "{F872AC35-CBFC-4A1A-9491-86AF2B7C9C97}"
EndProject
Project("{2150E333-8FDC-42A3-9474-1A3956D46DE8}") = "BlazorWebApp", "BlazorWebApp", "{6A5CF94D-9B16-4F9A-8B70-37F7FA132571}"
EndProject
Project("{9A19103F-16F7-4668-BE54-9A1E7A4F7556}") = "WebApp", "src\Clients\BlazorWebApp\WebApp\WebApp.csproj", "{410CACF0-ADF2-4610-8695-1DA83D40C042}"
EndProject
Project("{2150E333-8FDC-42A3-9474-1A3956D46DE8}") = "Services", "Services", "{FA9CC651-50A6-4BD9-87E9-C27BEE653362}"
EndProject
Project("{2150E333-8FDC-42A3-9474-1A3956D46DE8}") = "BasketService", "BasketService", "{9D4C41CB-4D0D-4970-A663-CFEE21FD707A}"
EndProject
Project("{2150E333-8FDC-42A3-9474-1A3956D46DE8}") = "CatalogService", "CatalogService", "{D4114719-3932-44DF-9EC4-75D551C1C42E}"
EndProject
Project("{2150E333-8FDC-42A3-9474-1A3956D46DE8}") = "IdentityService", "IdentityService", "{540459A7-012D-46F0-8D9C-A8BC16625F89}"
EndProject
Project("{2150E333-8FDC-42A3-9474-1A3956D46DE8}") = "NotificationService", "NotificationService", "{CE21E7E9-FB0E-4459-B936-72F26FC0711A}"
EndProject
Project("{2150E333-8FDC-42A3-9474-1A3956D46DE8}") = "OrderService", "OrderService", "{DEE8D345-B881-41E4-908F-886915BE391D}"
EndProject
Project("{2150E333-8FDC-42A3-9474-1A3956D46DE8}") = "PaymentService", "PaymentService", "{9AC28564-4580-4202-A1AC-F2823DCC8279}"
EndProject
Project("{2150E333-8FDC-42A3-9474-1A3956D46DE8}") = "tests", "tests", "{73D6DCB1-C6CB-4B57-B4E0-447669BDC1EF}"
EndProject
Project("{2150E333-8FDC-42A3-9474-1A3956D46DE8}") = "BuildingBlocks", "BuildingBlocks", "{04B865B7-63C0-4A86-B6C8-A5CBA40031CB}"
EndProject
Project("{9A19103F-16F7-4668-BE54-9A1E7A4F7556}") = "EventBus.UnitTest", "tests\BuildingBlocks\EventBus.UnitTest\EventBus.UnitTest.csproj", "{101B4D1B-6B2A-4A90-A872-E498915EB058}"
EndProject
Project("{9A19103F-16F7-4668-BE54-9A1E7A4F7556}") = "CatalogService.Api", "src\Services\CatalogService\CatalogService.Api\CatalogService.Api.csproj", "{15FA9BDB-B5A1-466E-929E-CB4899E1764B}"
EndProject
Project("{9A19103F-16F7-4668-BE54-9A1E7A4F7556}") = "PaymentService.Api", "src\Services\PaymentService\PaymentService.Api\PaymentService.Api.csproj", "{00008BC5-E8DE-405A-B234-C67542688732}"
EndProject
Project("{9A19103F-16F7-4668-BE54-9A1E7A4F7556}") = "NotificationService", "src\Services\NotificationService\NotificationService\NotificationService.csproj", "{5A68CAF4-CA5E-4AD3-8037-4DD1798B52E3}"
EndProject
Project("{FAE04EC0-301F-11D3-BF4B-00C04F79EFBC}") = "IdentityService.Api", "src\Services\IdentityService\IdentityService.Api\IdentityService.Api.csproj", "{947797B7-8486-45F2-B593-2B044E409307}"
EndProject
Project("{2150E333-8FDC-42A3-9474-1A3956D46DE8}") = "docker-compose-files", "docker-compose-files", "{3353FD8B-A63E-412E-8662-43ADF32DB566}"
EndProject
Project("{2150E333-8FDC-42A3-9474-1A3956D46DE8}") = "consul", "consul", "{9BDEEC14-8027-43DB-B262-3D5A6BC9F263}"
	ProjectSection(SolutionItems) = preProject
		docker-compose-files\consul\docker-compose.yml = docker-compose-files\consul\docker-compose.yml
	EndProjectSection
EndProject
Project("{2150E333-8FDC-42A3-9474-1A3956D46DE8}") = "rabbitmq", "rabbitmq", "{B0D05F51-1B21-485B-9427-ABBD578D0AF0}"
	ProjectSection(SolutionItems) = preProject
		docker-compose-files\rabbitmq\docker-compose.yml = docker-compose-files\rabbitmq\docker-compose.yml
	EndProjectSection
EndProject
Project("{2150E333-8FDC-42A3-9474-1A3956D46DE8}") = "redis", "redis", "{7D02DD39-2388-4594-AF41-BCE4547F208C}"
	ProjectSection(SolutionItems) = preProject
		docker-compose-files\redis\docker-compose.yml = docker-compose-files\redis\docker-compose.yml
	EndProjectSection
EndProject
Project("{2150E333-8FDC-42A3-9474-1A3956D46DE8}") = "sqlserver", "sqlserver", "{95AABF28-92BB-4A95-836E-321D116C2D4D}"
	ProjectSection(SolutionItems) = preProject
		docker-compose-files\sqlserver\docker-compose.yml = docker-compose-files\sqlserver\docker-compose.yml
	EndProjectSection
EndProject
Global
	GlobalSection(SolutionConfigurationPlatforms) = preSolution
		Debug|Any CPU = Debug|Any CPU
		Release|Any CPU = Release|Any CPU
	EndGlobalSection
	GlobalSection(ProjectConfigurationPlatforms) = postSolution
		{974749F2-D192-4464-AB85-BFC5C819B2BC}.Debug|Any CPU.ActiveCfg = Debug|Any CPU
		{974749F2-D192-4464-AB85-BFC5C819B2BC}.Debug|Any CPU.Build.0 = Debug|Any CPU
		{974749F2-D192-4464-AB85-BFC5C819B2BC}.Release|Any CPU.ActiveCfg = Release|Any CPU
		{974749F2-D192-4464-AB85-BFC5C819B2BC}.Release|Any CPU.Build.0 = Release|Any CPU
		{F524450F-A2E0-4E1A-92E5-F921B8856097}.Debug|Any CPU.ActiveCfg = Debug|Any CPU
		{F524450F-A2E0-4E1A-92E5-F921B8856097}.Debug|Any CPU.Build.0 = Debug|Any CPU
		{F524450F-A2E0-4E1A-92E5-F921B8856097}.Release|Any CPU.ActiveCfg = Release|Any CPU
		{F524450F-A2E0-4E1A-92E5-F921B8856097}.Release|Any CPU.Build.0 = Release|Any CPU
		{5B090D5F-560F-44A3-93D4-5B5D8DCB4DD8}.Debug|Any CPU.ActiveCfg = Debug|Any CPU
		{5B090D5F-560F-44A3-93D4-5B5D8DCB4DD8}.Debug|Any CPU.Build.0 = Debug|Any CPU
		{5B090D5F-560F-44A3-93D4-5B5D8DCB4DD8}.Release|Any CPU.ActiveCfg = Release|Any CPU
		{5B090D5F-560F-44A3-93D4-5B5D8DCB4DD8}.Release|Any CPU.Build.0 = Release|Any CPU
		{73B5CAE6-3D3B-4418-9EB7-5EC2E05B3801}.Debug|Any CPU.ActiveCfg = Debug|Any CPU
		{73B5CAE6-3D3B-4418-9EB7-5EC2E05B3801}.Debug|Any CPU.Build.0 = Debug|Any CPU
		{73B5CAE6-3D3B-4418-9EB7-5EC2E05B3801}.Release|Any CPU.ActiveCfg = Release|Any CPU
		{73B5CAE6-3D3B-4418-9EB7-5EC2E05B3801}.Release|Any CPU.Build.0 = Release|Any CPU
		{F872AC35-CBFC-4A1A-9491-86AF2B7C9C97}.Debug|Any CPU.ActiveCfg = Debug|Any CPU
		{F872AC35-CBFC-4A1A-9491-86AF2B7C9C97}.Debug|Any CPU.Build.0 = Debug|Any CPU
		{F872AC35-CBFC-4A1A-9491-86AF2B7C9C97}.Release|Any CPU.ActiveCfg = Release|Any CPU
		{F872AC35-CBFC-4A1A-9491-86AF2B7C9C97}.Release|Any CPU.Build.0 = Release|Any CPU
		{410CACF0-ADF2-4610-8695-1DA83D40C042}.Debug|Any CPU.ActiveCfg = Debug|Any CPU
		{410CACF0-ADF2-4610-8695-1DA83D40C042}.Debug|Any CPU.Build.0 = Debug|Any CPU
		{410CACF0-ADF2-4610-8695-1DA83D40C042}.Release|Any CPU.ActiveCfg = Release|Any CPU
		{410CACF0-ADF2-4610-8695-1DA83D40C042}.Release|Any CPU.Build.0 = Release|Any CPU
		{101B4D1B-6B2A-4A90-A872-E498915EB058}.Debug|Any CPU.ActiveCfg = Debug|Any CPU
		{101B4D1B-6B2A-4A90-A872-E498915EB058}.Debug|Any CPU.Build.0 = Debug|Any CPU
		{101B4D1B-6B2A-4A90-A872-E498915EB058}.Release|Any CPU.ActiveCfg = Release|Any CPU
		{101B4D1B-6B2A-4A90-A872-E498915EB058}.Release|Any CPU.Build.0 = Release|Any CPU
		{15FA9BDB-B5A1-466E-929E-CB4899E1764B}.Debug|Any CPU.ActiveCfg = Debug|Any CPU
		{15FA9BDB-B5A1-466E-929E-CB4899E1764B}.Debug|Any CPU.Build.0 = Debug|Any CPU
		{15FA9BDB-B5A1-466E-929E-CB4899E1764B}.Release|Any CPU.ActiveCfg = Release|Any CPU
		{15FA9BDB-B5A1-466E-929E-CB4899E1764B}.Release|Any CPU.Build.0 = Release|Any CPU
		{00008BC5-E8DE-405A-B234-C67542688732}.Debug|Any CPU.ActiveCfg = Debug|Any CPU
		{00008BC5-E8DE-405A-B234-C67542688732}.Debug|Any CPU.Build.0 = Debug|Any CPU
		{00008BC5-E8DE-405A-B234-C67542688732}.Release|Any CPU.ActiveCfg = Release|Any CPU
		{00008BC5-E8DE-405A-B234-C67542688732}.Release|Any CPU.Build.0 = Release|Any CPU
		{5A68CAF4-CA5E-4AD3-8037-4DD1798B52E3}.Debug|Any CPU.ActiveCfg = Debug|Any CPU
		{5A68CAF4-CA5E-4AD3-8037-4DD1798B52E3}.Debug|Any CPU.Build.0 = Debug|Any CPU
		{5A68CAF4-CA5E-4AD3-8037-4DD1798B52E3}.Release|Any CPU.ActiveCfg = Release|Any CPU
		{5A68CAF4-CA5E-4AD3-8037-4DD1798B52E3}.Release|Any CPU.Build.0 = Release|Any CPU
		{947797B7-8486-45F2-B593-2B044E409307}.Debug|Any CPU.ActiveCfg = Debug|Any CPU
		{947797B7-8486-45F2-B593-2B044E409307}.Debug|Any CPU.Build.0 = Debug|Any CPU
		{947797B7-8486-45F2-B593-2B044E409307}.Release|Any CPU.ActiveCfg = Release|Any CPU
		{947797B7-8486-45F2-B593-2B044E409307}.Release|Any CPU.Build.0 = Release|Any CPU
	EndGlobalSection
	GlobalSection(SolutionProperties) = preSolution
		HideSolutionNode = FALSE
	EndGlobalSection
	GlobalSection(NestedProjects) = preSolution
		{3B5EC971-22E0-447F-96CF-C57249BD631C} = {9C14D79C-CE84-4CFB-A92E-C32C80C09948}
		{119539A6-34C2-4AA0-858B-9964EA3083D7} = {9C14D79C-CE84-4CFB-A92E-C32C80C09948}
		{7CB6CB2B-A5C1-4375-948B-3ED770BFD803} = {9C14D79C-CE84-4CFB-A92E-C32C80C09948}
		{44C8358E-CC5F-4D6B-BC2A-B16F95910DAF} = {3B5EC971-22E0-447F-96CF-C57249BD631C}
		{974749F2-D192-4464-AB85-BFC5C819B2BC} = {44C8358E-CC5F-4D6B-BC2A-B16F95910DAF}
		{C087ABD1-3076-48DA-8D57-D94BACB833A8} = {119539A6-34C2-4AA0-858B-9964EA3083D7}
		{F524450F-A2E0-4E1A-92E5-F921B8856097} = {C087ABD1-3076-48DA-8D57-D94BACB833A8}
		{5B090D5F-560F-44A3-93D4-5B5D8DCB4DD8} = {C087ABD1-3076-48DA-8D57-D94BACB833A8}
		{73B5CAE6-3D3B-4418-9EB7-5EC2E05B3801} = {C087ABD1-3076-48DA-8D57-D94BACB833A8}
		{F872AC35-CBFC-4A1A-9491-86AF2B7C9C97} = {C087ABD1-3076-48DA-8D57-D94BACB833A8}
		{6A5CF94D-9B16-4F9A-8B70-37F7FA132571} = {7CB6CB2B-A5C1-4375-948B-3ED770BFD803}
		{410CACF0-ADF2-4610-8695-1DA83D40C042} = {6A5CF94D-9B16-4F9A-8B70-37F7FA132571}
		{FA9CC651-50A6-4BD9-87E9-C27BEE653362} = {9C14D79C-CE84-4CFB-A92E-C32C80C09948}
		{9D4C41CB-4D0D-4970-A663-CFEE21FD707A} = {FA9CC651-50A6-4BD9-87E9-C27BEE653362}
		{D4114719-3932-44DF-9EC4-75D551C1C42E} = {FA9CC651-50A6-4BD9-87E9-C27BEE653362}
		{540459A7-012D-46F0-8D9C-A8BC16625F89} = {FA9CC651-50A6-4BD9-87E9-C27BEE653362}
		{CE21E7E9-FB0E-4459-B936-72F26FC0711A} = {FA9CC651-50A6-4BD9-87E9-C27BEE653362}
		{DEE8D345-B881-41E4-908F-886915BE391D} = {FA9CC651-50A6-4BD9-87E9-C27BEE653362}
		{9AC28564-4580-4202-A1AC-F2823DCC8279} = {FA9CC651-50A6-4BD9-87E9-C27BEE653362}
		{04B865B7-63C0-4A86-B6C8-A5CBA40031CB} = {73D6DCB1-C6CB-4B57-B4E0-447669BDC1EF}
		{101B4D1B-6B2A-4A90-A872-E498915EB058} = {04B865B7-63C0-4A86-B6C8-A5CBA40031CB}
		{15FA9BDB-B5A1-466E-929E-CB4899E1764B} = {D4114719-3932-44DF-9EC4-75D551C1C42E}
		{00008BC5-E8DE-405A-B234-C67542688732} = {9AC28564-4580-4202-A1AC-F2823DCC8279}
		{5A68CAF4-CA5E-4AD3-8037-4DD1798B52E3} = {CE21E7E9-FB0E-4459-B936-72F26FC0711A}
		{947797B7-8486-45F2-B593-2B044E409307} = {540459A7-012D-46F0-8D9C-A8BC16625F89}
		{9BDEEC14-8027-43DB-B262-3D5A6BC9F263} = {3353FD8B-A63E-412E-8662-43ADF32DB566}
		{B0D05F51-1B21-485B-9427-ABBD578D0AF0} = {3353FD8B-A63E-412E-8662-43ADF32DB566}
		{7D02DD39-2388-4594-AF41-BCE4547F208C} = {3353FD8B-A63E-412E-8662-43ADF32DB566}
		{95AABF28-92BB-4A95-836E-321D116C2D4D} = {3353FD8B-A63E-412E-8662-43ADF32DB566}
	EndGlobalSection
	GlobalSection(ExtensibilityGlobals) = postSolution
		SolutionGuid = {ABC61C2C-58C3-4FC6-9B4B-352ADE21353E}
	EndGlobalSection
EndGlobal
